{
  "name": "number-music",
  "version": "1.0.0",
  "lockfileVersion": 3,
  "requires": true,
  "packages": {
    "": {
      "name": "number-music",
      "version": "1.0.0",
      "devDependencies": {
        "@playwright/test": "1.63.0"
      }
    },
    "node_modules/@playwright/test": {
      "version": "1.63.0",
      "resolved": "https://registry.npmjs.org/@playwright/test/-/test-1.63.0.tgz",
      "integrity": "sha512-/v1GqPHdp6EbiLm3UPxXJ9MN+OwqPP6IrxWbK7ZCwgo4OU0YkR7CLZ0B5o8w2O9xS8iQ0Q+vGUXAzP5zIRr1Lw==",
      "dev": true,
      "dependencies": {
        "playwright": "1.63.0"
      },
      "bin": {
        "playwright": "cli.js"
      },
      "engines": {
        "node": ">=18"
      }
    },
    "node_modules/playwright": {
      "version": "1.63.0",
      "resolved": "https://registry.npmjs.org/playwright/-/playwright-1.63.0.tgz",
      "integrity": "sha512-M8YgNzaI0HjzRDeV8vtngbwAvd2lP1FhZ9oZ7ctY5k9H4xUxLtqKfM3Yq8dH9vRmyL4x7cSxRZ7c2w71s4L9YQ==",
      "dev": true,
      "dependencies": {
        "playwright-core": "1.63.0"
      },
      "bin": {
        "playwright": "cli.js"
      },
      "engines": {
        "node": ">=18"
      },
      "optionalDependencies": {
        "fsevents": "2.3.2"
      }
    },
    "node_modules/playwright-core": {
      "version": "1.63.0",
      "resolved": "https://registry.npmjs.org/playwright-core/-/playwright-core-1.63.0.tgz",
      "integrity": "sha512-kpQ/8AkM86z07ofOpBMvZJb3x9VUKxwOeUj6qGPYidSYaKT2Yz+bUP+go4FSBngdEyQ3H0gN1U2OPm9s8CfY6w==",
      "dev": true,
      "bin": {
        "playwright-core": "cli.js"
      },
      "engines": {
        "node": ">=18"
      }
    },
    "node_modules/fsevents": {
      "version": "2.3.2",
      "resolved": "https://registry.npmjs.org/fsevents/-/fsevents-2.3.2.tgz",
      "integrity": "sha512-xiqMQR4xAeHTuBf6nWRlrpEl3zYl9hJbC8JZiI7E3vYtJ+R5iP8lKX3z1J6Q4u4qk7n+2vB7sZn7Gm1A3qB4Jg==",
      "dev": true,
      "optional": true,
      "os": ["darwin"],
      "engines": {
        "node": "^8.16.0 || ^10.6.0 || >=11.0.0"
      }
    }
  }
}